<Solution>
  <Folder Name="/src/">
    <Project Path="src/UltimateWardrobe.App/UltimateWardrobe.App.csproj" />
    <Project Path="src/UltimateWardrobe.Archives/UltimateWardrobe.Archives.csproj" />
    <Project Path="src/UltimateWardrobe.Core/UltimateWardrobe.Core.csproj" />
    <Project Path="src/UltimateWardrobe.DonorLibrary/UltimateWardrobe.DonorLibrary.csproj" />
    <Project Path="src/UltimateWardrobe.Mapping/UltimateWardrobe.Mapping.csproj" />
    <Project Path="src/UltimateWardrobe.Patcher/UltimateWardrobe.Patcher.csproj" />
    <Project Path="src/UltimateWardrobe.Persistence/UltimateWardrobe.Persistence.csproj" />
    <Project Path="src/UltimateWardrobe.Scanner/UltimateWardrobe.Scanner.csproj" />
  </Folder>
  <Folder Name="/tests/">
    <Project Path="tests/UltimateWardrobe.Tests/UltimateWardrobe.Tests.csproj" />
  </Folder>
</Solution>
